
Microsoft Visual Studio Solution File, Format Version 12.00
# Visual Studio Version 17
VisualStudioVersion = 17.12.35521.163
MinimumVisualStudioVersion = 10.0.40219.1
Project("{8BC9CEB8-8B4A-11D0-8D11-00A0C91BC942}") = "BasicSupport", "BasicSupport\BasicSupport.vcxproj", "{632C7386-30EF-4975-B7CB-5CD3C74260FC}"
EndProject
Project("{2150E333-8FDC-42A3-9474-1A3956D46DE8}") = "解决方案项", "解决方案项", "{EE4B3FE0-C8F6-413A-8032-B2434405CB72}"
	ProjectSection(SolutionItems) = preProject
		LICENSE.txt = LICENSE.txt
		README.md = README.md
	EndProjectSection
EndProject
Project("{8BC9CEB8-8B4A-11D0-8D11-00A0C91BC942}") = "FileEditor", "FileEditor\FileEditor.vcxproj", "{CE1806CB-4355-4EAC-8C71-0837DD4FEF8F}"
	ProjectSection(ProjectDependencies) = postProject
		{632C7386-30EF-4975-B7CB-5CD3C74260FC} = {632C7386-30EF-4975-B7CB-5CD3C74260FC}
	EndProjectSection
EndProject
Project("{2150E333-8FDC-42A3-9474-1A3956D46DE8}") = "Documents", "Documents", "{CB9DD1A7-C1E0-4763-A07A-CDA70EEAF03D}"
	ProjectSection(SolutionItems) = preProject
		Documents\UpdateLog.md = Documents\UpdateLog.md
	EndProjectSection
EndProject
Project("{2150E333-8FDC-42A3-9474-1A3956D46DE8}") = "Introduction", "Introduction", "{56616DE9-47F5-43D9-BAEE-D1EFD328E4BA}"
	ProjectSection(SolutionItems) = preProject
		Documents\Introduction\BasicSupport.md = Documents\Introduction\BasicSupport.md
		Documents\Introduction\FileEditor.md = Documents\Introduction\FileEditor.md
	EndProjectSection
EndProject
Project("{2150E333-8FDC-42A3-9474-1A3956D46DE8}") = "BasicSupportDetails", "BasicSupportDetails", "{8534F38E-A4F3-44D3-82FC-4012DD24FDD5}"
	ProjectSection(SolutionItems) = preProject
		Documents\Introduction\BasicSupportDetails\Exception.md = Documents\Introduction\BasicSupportDetails\Exception.md
		Documents\Introduction\BasicSupportDetails\FileBase.md = Documents\Introduction\BasicSupportDetails\FileBase.md
		Documents\Introduction\BasicSupportDetails\ObjectUniqueIdentityString.md = Documents\Introduction\BasicSupportDetails\ObjectUniqueIdentityString.md
		Documents\Introduction\BasicSupportDetails\StringUtilities.md = Documents\Introduction\BasicSupportDetails\StringUtilities.md
	EndProjectSection
EndProject
Project("{8BC9CEB8-8B4A-11D0-8D11-00A0C91BC942}") = "Test", "Test\Test.vcxproj", "{A48D9DA3-EEAC-42D6-A29B-27BE00BDB77B}"
	ProjectSection(ProjectDependencies) = postProject
		{632C7386-30EF-4975-B7CB-5CD3C74260FC} = {632C7386-30EF-4975-B7CB-5CD3C74260FC}
		{CE1806CB-4355-4EAC-8C71-0837DD4FEF8F} = {CE1806CB-4355-4EAC-8C71-0837DD4FEF8F}
	EndProjectSection
EndProject
Global
	GlobalSection(SolutionConfigurationPlatforms) = preSolution
		Debug|x64 = Debug|x64
		Debug|x86 = Debug|x86
		Release|x64 = Release|x64
		Release|x86 = Release|x86
	EndGlobalSection
	GlobalSection(ProjectConfigurationPlatforms) = postSolution
		{632C7386-30EF-4975-B7CB-5CD3C74260FC}.Debug|x64.ActiveCfg = Debug|x64
		{632C7386-30EF-4975-B7CB-5CD3C74260FC}.Debug|x64.Build.0 = Debug|x64
		{632C7386-30EF-4975-B7CB-5CD3C74260FC}.Debug|x86.ActiveCfg = Debug|Win32
		{632C7386-30EF-4975-B7CB-5CD3C74260FC}.Debug|x86.Build.0 = Debug|Win32
		{632C7386-30EF-4975-B7CB-5CD3C74260FC}.Release|x64.ActiveCfg = Release|x64
		{632C7386-30EF-4975-B7CB-5CD3C74260FC}.Release|x64.Build.0 = Release|x64
		{632C7386-30EF-4975-B7CB-5CD3C74260FC}.Release|x86.ActiveCfg = Release|Win32
		{632C7386-30EF-4975-B7CB-5CD3C74260FC}.Release|x86.Build.0 = Release|Win32
		{CE1806CB-4355-4EAC-8C71-0837DD4FEF8F}.Debug|x64.ActiveCfg = Debug|x64
		{CE1806CB-4355-4EAC-8C71-0837DD4FEF8F}.Debug|x64.Build.0 = Debug|x64
		{CE1806CB-4355-4EAC-8C71-0837DD4FEF8F}.Debug|x86.ActiveCfg = Debug|Win32
		{CE1806CB-4355-4EAC-8C71-0837DD4FEF8F}.Debug|x86.Build.0 = Debug|Win32
		{CE1806CB-4355-4EAC-8C71-0837DD4FEF8F}.Release|x64.ActiveCfg = Release|x64
		{CE1806CB-4355-4EAC-8C71-0837DD4FEF8F}.Release|x64.Build.0 = Release|x64
		{CE1806CB-4355-4EAC-8C71-0837DD4FEF8F}.Release|x86.ActiveCfg = Release|Win32
		{CE1806CB-4355-4EAC-8C71-0837DD4FEF8F}.Release|x86.Build.0 = Release|Win32
		{A48D9DA3-EEAC-42D6-A29B-27BE00BDB77B}.Debug|x64.ActiveCfg = Debug|x64
		{A48D9DA3-EEAC-42D6-A29B-27BE00BDB77B}.Debug|x64.Build.0 = Debug|x64
		{A48D9DA3-EEAC-42D6-A29B-27BE00BDB77B}.Debug|x86.ActiveCfg = Debug|Win32
		{A48D9DA3-EEAC-42D6-A29B-27BE00BDB77B}.Debug|x86.Build.0 = Debug|Win32
		{A48D9DA3-EEAC-42D6-A29B-27BE00BDB77B}.Release|x64.ActiveCfg = Release|x64
		{A48D9DA3-EEAC-42D6-A29B-27BE00BDB77B}.Release|x64.Build.0 = Release|x64
		{A48D9DA3-EEAC-42D6-A29B-27BE00BDB77B}.Release|x86.ActiveCfg = Release|Win32
		{A48D9DA3-EEAC-42D6-A29B-27BE00BDB77B}.Release|x86.Build.0 = Release|Win32
	EndGlobalSection
	GlobalSection(SolutionProperties) = preSolution
		HideSolutionNode = FALSE
	EndGlobalSection
	GlobalSection(NestedProjects) = preSolution
		{CB9DD1A7-C1E0-4763-A07A-CDA70EEAF03D} = {EE4B3FE0-C8F6-413A-8032-B2434405CB72}
		{56616DE9-47F5-43D9-BAEE-D1EFD328E4BA} = {CB9DD1A7-C1E0-4763-A07A-CDA70EEAF03D}
		{8534F38E-A4F3-44D3-82FC-4012DD24FDD5} = {56616DE9-47F5-43D9-BAEE-D1EFD328E4BA}
	EndGlobalSection
EndGlobal
