
Microsoft Visual Studio Solution File, Format Version 12.00
# Visual Studio Version 17
VisualStudioVersion = 17.12.35521.163
MinimumVisualStudioVersion = 10.0.40219.1
Project("{8BC9CEB8-8B4A-11D0-8D11-00A0C91BC942}") = "BasicSupport", "BasicSupport\BasicSupport.vcxproj", "{632C7386-30EF-4975-B7CB-5CD3C74260FC}"
EndProject
Project("{2150E333-8FDC-42A3-9474-1A3956D46DE8}") = "解决方案项", "解决方案项", "{EE4B3FE0-C8F6-413A-8032-B2434405CB72}"
	ProjectSection(SolutionItems) = preProject
		LICENSE.txt = LICENSE.txt
		README.md = README.md
		UpdateLog.md = UpdateLog.md
	EndProjectSection
EndProject
Project("{8BC9CEB8-8B4A-11D0-8D11-00A0C91BC942}") = "FileEditor", "FileEditor\FileEditor.vcxproj", "{CE1806CB-4355-4EAC-8C71-0837DD4FEF8F}"
	ProjectSection(ProjectDependencies) = postProject
		{632C7386-30EF-4975-B7CB-5CD3C74260FC} = {632C7386-30EF-4975-B7CB-5CD3C74260FC}
	EndProjectSection
EndProject
Project("{8BC9CEB8-8B4A-11D0-8D11-00A0C91BC942}") = "Test", "Test\Test.vcxproj", "{A48D9DA3-EEAC-42D6-A29B-27BE00BDB77B}"
	ProjectSection(ProjectDependencies) = postProject
		{632C7386-30EF-4975-B7CB-5CD3C74260FC} = {632C7386-30EF-4975-B7CB-5CD3C74260FC}
		{CE1806CB-4355-4EAC-8C71-0837DD4FEF8F} = {CE1806CB-4355-4EAC-8C71-0837DD4FEF8F}
	EndProjectSection
EndProject
Global
	GlobalSection(SolutionConfigurationPlatforms) = preSolution
		Debug|x64 = Debug|x64
		Debug|x86 = Debug|x86
		Release|x64 = Release|x64
		Release|x86 = Release|x86
	EndGlobalSection
	GlobalSection(ProjectConfigurationPlatforms) = postSolution
		{632C7386-30EF-4975-B7CB-5CD3C74260FC}.Debug|x64.ActiveCfg = Debug|x64
		{632C7386-30EF-4975-B7CB-5CD3C74260FC}.Debug|x64.Build.0 = Debug|x64
		{632C7386-30EF-4975-B7CB-5CD3C74260FC}.Debug|x86.ActiveCfg = Debug|Win32
		{632C7386-30EF-4975-B7CB-5CD3C74260FC}.Debug|x86.Build.0 = Debug|Win32
		{632C7386-30EF-4975-B7CB-5CD3C74260FC}.Release|x64.ActiveCfg = Release|x64
		{632C7386-30EF-4975-B7CB-5CD3C74260FC}.Release|x64.Build.0 = Release|x64
		{632C7386-30EF-4975-B7CB-5CD3C74260FC}.Release|x86.ActiveCfg = Release|Win32
		{632C7386-30EF-4975-B7CB-5CD3C74260FC}.Release|x86.Build.0 = Release|Win32
		{CE1806CB-4355-4EAC-8C71-0837DD4FEF8F}.Debug|x64.ActiveCfg = Debug|x64
		{CE1806CB-4355-4EAC-8C71-0837DD4FEF8F}.Debug|x64.Build.0 = Debug|x64
		{CE1806CB-4355-4EAC-8C71-0837DD4FEF8F}.Debug|x86.ActiveCfg = Debug|Win32
		{CE1806CB-4355-4EAC-8C71-0837DD4FEF8F}.Debug|x86.Build.0 = Debug|Win32
		{CE1806CB-4355-4EAC-8C71-0837DD4FEF8F}.Release|x64.ActiveCfg = Release|x64
		{CE1806CB-4355-4EAC-8C71-0837DD4FEF8F}.Release|x64.Build.0 = Release|x64
		{CE1806CB-4355-4EAC-8C71-0837DD4FEF8F}.Release|x86.ActiveCfg = Release|Win32
		{CE1806CB-4355-4EAC-8C71-0837DD4FEF8F}.Release|x86.Build.0 = Release|Win32
		{A48D9DA3-EEAC-42D6-A29B-27BE00BDB77B}.Debug|x64.ActiveCfg = Debug|x64
		{A48D9DA3-EEAC-42D6-A29B-27BE00BDB77B}.Debug|x64.Build.0 = Debug|x64
		{A48D9DA3-EEAC-42D6-A29B-27BE00BDB77B}.Debug|x86.ActiveCfg = Debug|Win32
		{A48D9DA3-EEAC-42D6-A29B-27BE00BDB77B}.Debug|x86.Build.0 = Debug|Win32
		{A48D9DA3-EEAC-42D6-A29B-27BE00BDB77B}.Release|x64.ActiveCfg = Release|x64
		{A48D9DA3-EEAC-42D6-A29B-27BE00BDB77B}.Release|x64.Build.0 = Release|x64
		{A48D9DA3-EEAC-42D6-A29B-27BE00BDB77B}.Release|x86.ActiveCfg = Release|Win32
		{A48D9DA3-EEAC-42D6-A29B-27BE00BDB77B}.Release|x86.Build.0 = Release|Win32
	EndGlobalSection
	GlobalSection(SolutionProperties) = preSolution
		HideSolutionNode = FALSE
	EndGlobalSection
EndGlobal
